// !$*UTF8*$!
{
	archiveVersion = 1;
	classes = {
	};
	objectVersion = 55;
	objects = {

/* Begin PBXBuildFile section */
		C5349B212788211E00E3B6B4 /* AppDelegate.swift in Sources */ = {isa = PBXBuildFile; fileRef = C5349B202788211E00E3B6B4 /* AppDelegate.swift */; };
		C5349B232788211E00E3B6B4 /* SceneDelegate.swift in Sources */ = {isa = PBXBuildFile; fileRef = C5349B222788211E00E3B6B4 /* SceneDelegate.swift */; };
		C5349B252788211E00E3B6B4 /* ViewController.swift in Sources */ = {isa = PBXBuildFile; fileRef = C5349B242788211E00E3B6B4 /* ViewController.swift */; };
		C5349B2A2788211F00E3B6B4 /* Assets.xcassets in Resources */ = {isa = PBXBuildFile; fileRef = C5349B292788211F00E3B6B4 /* Assets.xcassets */; };
		C5349B2D2788211F00E3B6B4 /* LaunchScreen.storyboard in Resources */ = {isa = PBXBuildFile; fileRef = C5349B2B2788211F00E3B6B4 /* LaunchScreen.storyboard */; };
		C5349B5B278FFB2600E3B6B4 /* Main.storyboard in Resources */ = {isa = PBXBuildFile; fileRef = C5349B5A278FFB2600E3B6B4 /* Main.storyboard */; };
		C5349B612790871600E3B6B4 /* Model.swift in Sources */ = {isa = PBXBuildFile; fileRef = C5349B602790871600E3B6B4 /* Model.swift */; };
		C5349B6327908E8B00E3B6B4 /* CustomCollectionViewCell.swift in Sources */ = {isa = PBXBuildFile; fileRef = C5349B6227908E8B00E3B6B4 /* CustomCollectionViewCell.swift */; };
		C5349B692790A14300E3B6B4 /* PopViewController.swift in Sources */ = {isa = PBXBuildFile; fileRef = C5349B672790A14300E3B6B4 /* PopViewController.swift */; };
		C5349B6D2790CE1C00E3B6B4 /* song2.mp3 in Resources */ = {isa = PBXBuildFile; fileRef = C5349B6C2790CE1C00E3B6B4 /* song2.mp3 */; };
		C5349B6F2790CE4200E3B6B4 /* song3.mp3 in Resources */ = {isa = PBXBuildFile; fileRef = C5349B6E2790CE4200E3B6B4 /* song3.mp3 */; };
		C5349B712790D13200E3B6B4 /* song1.mp3 in Resources */ = {isa = PBXBuildFile; fileRef = C5349B702790D13200E3B6B4 /* song1.mp3 */; };
		C5349B742790D6A800E3B6B4 /* ProfileViewController.swift in Sources */ = {isa = PBXBuildFile; fileRef = C5349B732790D6A800E3B6B4 /* ProfileViewController.swift */; };
/* End PBXBuildFile section */

/* Begin PBXFileReference section */
		C5349B1D2788211E00E3B6B4 /* MusicTest.app */ = {isa = PBXFileReference; explicitFileType = wrapper.application; includeInIndex = 0; path = MusicTest.app; sourceTree = BUILT_PRODUCTS_DIR; };
		C5349B202788211E00E3B6B4 /* AppDelegate.swift */ = {isa = PBXFileReference; lastKnownFileType = sourcecode.swift; path = AppDelegate.swift; sourceTree = "<group>"; };
		C5349B222788211E00E3B6B4 /* SceneDelegate.swift */ = {isa = PBXFileReference; lastKnownFileType = sourcecode.swift; path = SceneDelegate.swift; sourceTree = "<group>"; };
		C5349B242788211E00E3B6B4 /* ViewController.swift */ = {isa = PBXFileReference; lastKnownFileType = sourcecode.swift; path = ViewController.swift; sourceTree = "<group>"; };
		C5349B292788211F00E3B6B4 /* Assets.xcassets */ = {isa = PBXFileReference; lastKnownFileType = folder.assetcatalog; path = Assets.xcassets; sourceTree = "<group>"; };
		C5349B2C2788211F00E3B6B4 /* Base */ = {isa = PBXFileReference; lastKnownFileType = file.storyboard; name = Base; path = Base.lproj/LaunchScreen.storyboard; sourceTree = "<group>"; };
		C5349B2E2788211F00E3B6B4 /* Info.plist */ = {isa = PBXFileReference; lastKnownFileType = text.plist.xml; path = Info.plist; sourceTree = "<group>"; };
		C5349B5A278FFB2600E3B6B4 /* Main.storyboard */ = {isa = PBXFileReference; lastKnownFileType = file.storyboard; path = Main.storyboard; sourceTree = "<group>"; };
		C5349B602790871600E3B6B4 /* Model.swift */ = {isa = PBXFileReference; lastKnownFileType = sourcecode.swift; path = Model.swift; sourceTree = "<group>"; };
		C5349B6227908E8B00E3B6B4 /* CustomCollectionViewCell.swift */ = {isa = PBXFileReference; lastKnownFileType = sourcecode.swift; path = CustomCollectionViewCell.swift; sourceTree = "<group>"; };
		C5349B672790A14300E3B6B4 /* PopViewController.swift */ = {isa = PBXFileReference; lastKnownFileType = sourcecode.swift; path = PopViewController.swift; sourceTree = "<group>"; };
		C5349B6C2790CE1C00E3B6B4 /* song2.mp3 */ = {isa = PBXFileReference; lastKnownFileType = audio.mp3; path = song2.mp3; sourceTree = "<group>"; };
		C5349B6E2790CE4200E3B6B4 /* song3.mp3 */ = {isa = PBXFileReference; lastKnownFileType = audio.mp3; path = song3.mp3; sourceTree = "<group>"; };
		C5349B702790D13200E3B6B4 /* song1.mp3 */ = {isa = PBXFileReference; lastKnownFileType = audio.mp3; path = song1.mp3; sourceTree = "<group>"; };
		C5349B732790D6A800E3B6B4 /* ProfileViewController.swift */ = {isa = PBXFileReference; lastKnownFileType = sourcecode.swift; path = ProfileViewController.swift; sourceTree = "<group>"; };
/* End PBXFileReference section */

/* Begin PBXFrameworksBuildPhase section */
		C5349B1A2788211E00E3B6B4 /* Frameworks */ = {
			isa = PBXFrameworksBuildPhase;
			buildActionMask = 2147483647;
			files = (
			);
			runOnlyForDeploymentPostprocessing = 0;
		};
/* End PBXFrameworksBuildPhase section */

/* Begin PBXGroup section */
		C5349B142788211E00E3B6B4 = {
			isa = PBXGroup;
			children = (
				C5349B1F2788211E00E3B6B4 /* MusicTest */,
				C5349B1E2788211E00E3B6B4 /* Products */,
			);
			sourceTree = "<group>";
		};
		C5349B1E2788211E00E3B6B4 /* Products */ = {
			isa = PBXGroup;
			children = (
				C5349B1D2788211E00E3B6B4 /* MusicTest.app */,
			);
			name = Products;
			sourceTree = "<group>";
		};
		C5349B1F2788211E00E3B6B4 /* MusicTest */ = {
			isa = PBXGroup;
			children = (
				C5349B722790D68B00E3B6B4 /* Profile */,
				C5349B6B2790CE0C00E3B6B4 /* Music */,
				C5349B642790A0CE00E3B6B4 /* popUpView */,
				C5349B202788211E00E3B6B4 /* AppDelegate.swift */,
				C5349B222788211E00E3B6B4 /* SceneDelegate.swift */,
				C5349B602790871600E3B6B4 /* Model.swift */,
				C5349B242788211E00E3B6B4 /* ViewController.swift */,
				C5349B6E2790CE4200E3B6B4 /* song3.mp3 */,
				C5349B6227908E8B00E3B6B4 /* CustomCollectionViewCell.swift */,
				C5349B5A278FFB2600E3B6B4 /* Main.storyboard */,
				C5349B292788211F00E3B6B4 /* Assets.xcassets */,
				C5349B2B2788211F00E3B6B4 /* LaunchScreen.storyboard */,
				C5349B2E2788211F00E3B6B4 /* Info.plist */,
			);
			path = MusicTest;
			sourceTree = "<group>";
		};
		C5349B642790A0CE00E3B6B4 /* popUpView */ = {
			isa = PBXGroup;
			children = (
				C5349B672790A14300E3B6B4 /* PopViewController.swift */,
			);
			path = popUpView;
			sourceTree = "<group>";
		};
		C5349B6B2790CE0C00E3B6B4 /* Music */ = {
			isa = PBXGroup;
			children = (
				C5349B6C2790CE1C00E3B6B4 /* song2.mp3 */,
				C5349B702790D13200E3B6B4 /* song1.mp3 */,
			);
			path = Music;
			sourceTree = "<group>";
		};
		C5349B722790D68B00E3B6B4 /* Profile */ = {
			isa = PBXGroup;
			children = (
				C5349B732790D6A800E3B6B4 /* ProfileViewController.swift */,
			);
			path = Profile;
			sourceTree = "<group>";
		};
/* End PBXGroup section */

/* Begin PBXNativeTarget section */
		C5349B1C2788211E00E3B6B4 /* MusicTest */ = {
			isa = PBXNativeTarget;
			buildConfigurationList = C5349B312788211F00E3B6B4 /* Build configuration list for PBXNativeTarget "MusicTest" */;
			buildPhases = (
				C5349B192788211E00E3B6B4 /* Sources */,
				C5349B1A2788211E00E3B6B4 /* Frameworks */,
				C5349B1B2788211E00E3B6B4 /* Resources */,
			);
			buildRules = (
			);
			dependencies = (
			);
			name = MusicTest;
			productName = MusicTest;
			productReference = C5349B1D2788211E00E3B6B4 /* MusicTest.app */;
			productType = "com.apple.product-type.application";
		};
/* End PBXNativeTarget section */

/* Begin PBXProject section */
		C5349B152788211E00E3B6B4 /* Project object */ = {
			isa = PBXProject;
			attributes = {
				BuildIndependentTargetsInParallel = 1;
				LastSwiftUpdateCheck = 1320;
				LastUpgradeCheck = 1320;
				TargetAttributes = {
					C5349B1C2788211E00E3B6B4 = {
						CreatedOnToolsVersion = 13.2.1;
					};
				};
			};
			buildConfigurationList = C5349B182788211E00E3B6B4 /* Build configuration list for PBXProject "MusicTest" */;
			compatibilityVersion = "Xcode 13.0";
			developmentRegion = en;
			hasScannedForEncodings = 0;
			knownRegions = (
				en,
				Base,
			);
			mainGroup = C5349B142788211E00E3B6B4;
			productRefGroup = C5349B1E2788211E00E3B6B4 /* Products */;
			projectDirPath = "";
			projectRoot = "";
			targets = (
				C5349B1C2788211E00E3B6B4 /* MusicTest */,
			);
		};
/* End PBXProject section */

/* Begin PBXResourcesBuildPhase section */
		C5349B1B2788211E00E3B6B4 /* Resources */ = {
			isa = PBXResourcesBuildPhase;
			buildActionMask = 2147483647;
			files = (
				C5349B6F2790CE4200E3B6B4 /* song3.mp3 in Resources */,
				C5349B712790D13200E3B6B4 /* song1.mp3 in Resources */,
				C5349B6D2790CE1C00E3B6B4 /* song2.mp3 in Resources */,
				C5349B5B278FFB2600E3B6B4 /* Main.storyboard in Resources */,
				C5349B2D2788211F00E3B6B4 /* LaunchScreen.storyboard in Resources */,
				C5349B2A2788211F00E3B6B4 /* Assets.xcassets in Resources */,
			);
			runOnlyForDeploymentPostprocessing = 0;
		};
/* End PBXResourcesBuildPhase section */

/* Begin PBXSourcesBuildPhase section */
		C5349B192788211E00E3B6B4 /* Sources */ = {
			isa = PBXSourcesBuildPhase;
			buildActionMask = 2147483647;
			files = (
				C5349B252788211E00E3B6B4 /* ViewController.swift in Sources */,
				C5349B6327908E8B00E3B6B4 /* CustomCollectionViewCell.swift in Sources */,
				C5349B692790A14300E3B6B4 /* PopViewController.swift in Sources */,
				C5349B212788211E00E3B6B4 /* AppDelegate.swift in Sources */,
				C5349B742790D6A800E3B6B4 /* ProfileViewController.swift in Sources */,
				C5349B232788211E00E3B6B4 /* SceneDelegate.swift in Sources */,
				C5349B612790871600E3B6B4 /* Model.swift in Sources */,
			);
			runOnlyForDeploymentPostprocessing = 0;
		};
/* End PBXSourcesBuildPhase section */

/* Begin PBXVariantGroup section */
		C5349B2B2788211F00E3B6B4 /* LaunchScreen.storyboard */ = {
			isa = PBXVariantGroup;
			children = (
				C5349B2C2788211F00E3B6B4 /* Base */,
			);
			name = LaunchScreen.storyboard;
			sourceTree = "<group>";
		};
/* End PBXVariantGroup section */

/* Begin XCBuildConfiguration section */
		C5349B2F2788211F00E3B6B4 /* Debug */ = {
			isa = XCBuildConfiguration;
			buildSettings = {
				ALWAYS_SEARCH_USER_PATHS = NO;
				CLANG_ANALYZER_NONNULL = YES;
				CLANG_ANALYZER_NUMBER_OBJECT_CONVERSION = YES_AGGRESSIVE;
				CLANG_CXX_LANGUAGE_STANDARD = "gnu++17";
				CLANG_CXX_LIBRARY = "libc++";
				CLANG_ENABLE_MODULES = YES;
				CLANG_ENABLE_OBJC_ARC = YES;
				CLANG_ENABLE_OBJC_WEAK = YES;
				CLANG_WARN_BLOCK_CAPTURE_AUTORELEASING = YES;
				CLANG_WARN_BOOL_CONVERSION = YES;
				CLANG_WARN_COMMA = YES;
				CLANG_WARN_CONSTANT_CONVERSION = YES;
				CLANG_WARN_DEPRECATED_OBJC_IMPLEMENTATIONS = YES;
				CLANG_WARN_DIRECT_OBJC_ISA_USAGE = YES_ERROR;
				CLANG_WARN_DOCUMENTATION_COMMENTS = YES;
				CLANG_WARN_EMPTY_BODY = YES;
				CLANG_WARN_ENUM_CONVERSION = YES;
				CLANG_WARN_INFINITE_RECURSION = YES;
				CLANG_WARN_INT_CONVERSION = YES;
				CLANG_WARN_NON_LITERAL_NULL_CONVERSION = YES;
				CLANG_WARN_OBJC_IMPLICIT_RETAIN_SELF = YES;
				CLANG_WARN_OBJC_LITERAL_CONVERSION = YES;
				CLANG_WARN_OBJC_ROOT_CLASS = YES_ERROR;
				CLANG_WARN_QUOTED_INCLUDE_IN_FRAMEWORK_HEADER = YES;
				CLANG_WARN_RANGE_LOOP_ANALYSIS = YES;
				CLANG_WARN_STRICT_PROTOTYPES = YES;
				CLANG_WARN_SUSPICIOUS_MOVE = YES;
				CLANG_WARN_UNGUARDED_AVAILABILITY = YES_AGGRESSIVE;
				CLANG_WARN_UNREACHABLE_CODE = YES;
				CLANG_WARN__DUPLICATE_METHOD_MATCH = YES;
				COPY_PHASE_STRIP = NO;
				DEBUG_INFORMATION_FORMAT = dwarf;
				ENABLE_STRICT_OBJC_MSGSEND = YES;
				ENABLE_TESTABILITY = YES;
				GCC_C_LANGUAGE_STANDARD = gnu11;
				GCC_DYNAMIC_NO_PIC = NO;
				GCC_NO_COMMON_BLOCKS = YES;
				GCC_OPTIMIZATION_LEVEL = 0;
				GCC_PREPROCESSOR_DEFINITIONS = (
					"DEBUG=1",
					"$(inherited)",
				);
				GCC_WARN_64_TO_32_BIT_CONVERSION = YES;
				GCC_WARN_ABOUT_RETURN_TYPE = YES_ERROR;
				GCC_WARN_UNDECLARED_SELECTOR = YES;
				GCC_WARN_UNINITIALIZED_AUTOS = YES_AGGRESSIVE;
				GCC_WARN_UNUSED_FUNCTION = YES;
				GCC_WARN_UNUSED_VARIABLE = YES;
				IPHONEOS_DEPLOYMENT_TARGET = 15.2;
				MTL_ENABLE_DEBUG_INFO = INCLUDE_SOURCE;
				MTL_FAST_MATH = YES;
				ONLY_ACTIVE_ARCH = YES;
				SDKROOT = iphoneos;
				SWIFT_ACTIVE_COMPILATION_CONDITIONS = DEBUG;
				SWIFT_OPTIMIZATION_LEVEL = "-Onone";
			};
			name = Debug;
		};
		C5349B302788211F00E3B6B4 /* Release */ = {
			isa = XCBuildConfiguration;
			buildSettings = {
				ALWAYS_SEARCH_USER_PATHS = NO;
				CLANG_ANALYZER_NONNULL = YES;
				CLANG_ANALYZER_NUMBER_OBJECT_CONVERSION = YES_AGGRESSIVE;
				CLANG_CXX_LANGUAGE_STANDARD = "gnu++17";
				CLANG_CXX_LIBRARY = "libc++";
				CLANG_ENABLE_MODULES = YES;
				CLANG_ENABLE_OBJC_ARC = YES;
				CLANG_ENABLE_OBJC_WEAK = YES;
				CLANG_WARN_BLOCK_CAPTURE_AUTORELEASING = YES;
				CLANG_WARN_BOOL_CONVERSION = YES;
				CLANG_WARN_COMMA = YES;
				CLANG_WARN_CONSTANT_CONVERSION = YES;
				CLANG_WARN_DEPRECATED_OBJC_IMPLEMENTATIONS = YES;
				CLANG_WARN_DIRECT_OBJC_ISA_USAGE = YES_ERROR;
				CLANG_WARN_DOCUMENTATION_COMMENTS = YES;
				CLANG_WARN_EMPTY_BODY = YES;
				CLANG_WARN_ENUM_CONVERSION = YES;
				CLANG_WARN_INFINITE_RECURSION = YES;
				CLANG_WARN_INT_CONVERSION = YES;
				CLANG_WARN_NON_LITERAL_NULL_CONVERSION = YES;
				CLANG_WARN_OBJC_IMPLICIT_RETAIN_SELF = YES;
				CLANG_WARN_OBJC_LITERAL_CONVERSION = YES;
				CLANG_WARN_OBJC_ROOT_CLASS = YES_ERROR;
				CLANG_WARN_QUOTED_INCLUDE_IN_FRAMEWORK_HEADER = YES;
				CLANG_WARN_RANGE_LOOP_ANALYSIS = YES;
				CLANG_WARN_STRICT_PROTOTYPES = YES;
				CLANG_WARN_SUSPICIOUS_MOVE = YES;
				CLANG_WARN_UNGUARDED_AVAILABILITY = YES_AGGRESSIVE;
				CLANG_WARN_UNREACHABLE_CODE = YES;
				CLANG_WARN__DUPLICATE_METHOD_MATCH = YES;
				COPY_PHASE_STRIP = NO;
				DEBUG_INFORMATION_FORMAT = "dwarf-with-dsym";
				ENABLE_NS_ASSERTIONS = NO;
				ENABLE_STRICT_OBJC_MSGSEND = YES;
				GCC_C_LANGUAGE_STANDARD = gnu11;
				GCC_NO_COMMON_BLOCKS = YES;
				GCC_WARN_64_TO_32_BIT_CONVERSION = YES;
				GCC_WARN_ABOUT_RETURN_TYPE = YES_ERROR;
				GCC_WARN_UNDECLARED_SELECTOR = YES;
				GCC_WARN_UNINITIALIZED_AUTOS = YES_AGGRESSIVE;
				GCC_WARN_UNUSED_FUNCTION = YES;
				GCC_WARN_UNUSED_VARIABLE = YES;
				IPHONEOS_DEPLOYMENT_TARGET = 15.2;
				MTL_ENABLE_DEBUG_INFO = NO;
				MTL_FAST_MATH = YES;
				SDKROOT = iphoneos;
				SWIFT_COMPILATION_MODE = wholemodule;
				SWIFT_OPTIMIZATION_LEVEL = "-O";
				VALIDATE_PRODUCT = YES;
			};
			name = Release;
		};
		C5349B322788211F00E3B6B4 /* Debug */ = {
			isa = XCBuildConfiguration;
			buildSettings = {
				ASSETCATALOG_COMPILER_APPICON_NAME = AppIcon;
				ASSETCATALOG_COMPILER_GLOBAL_ACCENT_COLOR_NAME = AccentColor;
				CODE_SIGN_STYLE = Automatic;
				CURRENT_PROJECT_VERSION = 1;
				DEVELOPMENT_TEAM = 95DA98DCC7;
				GENERATE_INFOPLIST_FILE = YES;
				INFOPLIST_FILE = MusicTest/Info.plist;
				INFOPLIST_KEY_UIApplicationSupportsIndirectInputEvents = YES;
				INFOPLIST_KEY_UILaunchStoryboardName = LaunchScreen;
				INFOPLIST_KEY_UIMainStoryboardFile = Main;
				INFOPLIST_KEY_UISupportedInterfaceOrientations_iPad = "UIInterfaceOrientationPortrait UIInterfaceOrientationPortraitUpsideDown UIInterfaceOrientationLandscapeLeft UIInterfaceOrientationLandscapeRight";
				INFOPLIST_KEY_UISupportedInterfaceOrientations_iPhone = "UIInterfaceOrientationPortrait UIInterfaceOrientationLandscapeLeft UIInterfaceOrientationLandscapeRight";
				LD_RUNPATH_SEARCH_PATHS = (
					"$(inherited)",
					"@executable_path/Frameworks",
				);
				MARKETING_VERSION = 1.0;
				PRODUCT_BUNDLE_IDENTIFIER = com.maurzac.testmusic.MusicTest;
				PRODUCT_NAME = "$(TARGET_NAME)";
				SWIFT_EMIT_LOC_STRINGS = YES;
				SWIFT_VERSION = 5.0;
				TARGETED_DEVICE_FAMILY = 1;
			};
			name = Debug;
		};
		C5349B332788211F00E3B6B4 /* Release */ = {
			isa = XCBuildConfiguration;
			buildSettings = {
				ASSETCATALOG_COMPILER_APPICON_NAME = AppIcon;
				ASSETCATALOG_COMPILER_GLOBAL_ACCENT_COLOR_NAME = AccentColor;
				CODE_SIGN_STYLE = Automatic;
				CURRENT_PROJECT_VERSION = 1;
				DEVELOPMENT_TEAM = 95DA98DCC7;
				GENERATE_INFOPLIST_FILE = YES;
				INFOPLIST_FILE = MusicTest/Info.plist;
				INFOPLIST_KEY_UIApplicationSupportsIndirectInputEvents = YES;
				INFOPLIST_KEY_UILaunchStoryboardName = LaunchScreen;
				INFOPLIST_KEY_UIMainStoryboardFile = Main;
				INFOPLIST_KEY_UISupportedInterfaceOrientations_iPad = "UIInterfaceOrientationPortrait UIInterfaceOrientationPortraitUpsideDown UIInterfaceOrientationLandscapeLeft UIInterfaceOrientationLandscapeRight";
				INFOPLIST_KEY_UISupportedInterfaceOrientations_iPhone = "UIInterfaceOrientationPortrait UIInterfaceOrientationLandscapeLeft UIInterfaceOrientationLandscapeRight";
				LD_RUNPATH_SEARCH_PATHS = (
					"$(inherited)",
					"@executable_path/Frameworks",
				);
				MARKETING_VERSION = 1.0;
				PRODUCT_BUNDLE_IDENTIFIER = com.maurzac.testmusic.MusicTest;
				PRODUCT_NAME = "$(TARGET_NAME)";
				SWIFT_EMIT_LOC_STRINGS = YES;
				SWIFT_VERSION = 5.0;
				TARGETED_DEVICE_FAMILY = 1;
			};
			name = Release;
		};
/* End XCBuildConfiguration section */

/* Begin XCConfigurationList section */
		C5349B182788211E00E3B6B4 /* Build configuration list for PBXProject "MusicTest" */ = {
			isa = XCConfigurationList;
			buildConfigurations = (
				C5349B2F2788211F00E3B6B4 /* Debug */,
				C5349B302788211F00E3B6B4 /* Release */,
			);
			defaultConfigurationIsVisible = 0;
			defaultConfigurationName = Release;
		};
		C5349B312788211F00E3B6B4 /* Build configuration list for PBXNativeTarget "MusicTest" */ = {
			isa = XCConfigurationList;
			buildConfigurations = (
				C5349B322788211F00E3B6B4 /* Debug */,
				C5349B332788211F00E3B6B4 /* Release */,
			);
			defaultConfigurationIsVisible = 0;
			defaultConfigurationName = Release;
		};
/* End XCConfigurationList section */
	};
	rootObject = C5349B152788211E00E3B6B4 /* Project object */;
}
